<Solution>
  <Folder Name="/Infra/">
    <Project Path="Infra.Data/Infra.Data.csproj" />
    <Project Path="Infra.Ioc/Infra.Ioc.csproj" />
  </Folder>
  <Project Path="Application/Application.csproj" Id="0605cad3-6b1e-46e2-8d97-822e1e697ef2" />
  <Project Path="Domain/Domain.csproj" />
  <Project Path="Tests/Tests.csproj" Id="53bb2580-115d-474d-9dec-345796708b6f" />
  <Project Path="WebApi/WebApi.csproj" />
</Solution>
